
Microsoft Visual Studio Solution File, Format Version 12.00
# Visual Studio Version 17
VisualStudioVersion = 17.4.33213.308
MinimumVisualStudioVersion = 10.0.40219.1
Project("{FAE04EC0-301F-11D3-BF4B-00C04F79EFBC}") = "ASP_CRUD", "ASP_CRUD\ASP_CRUD.csproj", "{5C4B73D2-AE6E-41B4-A118-E673DB16C7CB}"
EndProject
Global
	GlobalSection(SolutionConfigurationPlatforms) = preSolution
		Debug|Any CPU = Debug|Any CPU
		Release|Any CPU = Release|Any CPU
	EndGlobalSection
	GlobalSection(ProjectConfigurationPlatforms) = postSolution
		{5C4B73D2-AE6E-41B4-A118-E673DB16C7CB}.Debug|Any CPU.ActiveCfg = Debug|Any CPU
		{5C4B73D2-AE6E-41B4-A118-E673DB16C7CB}.Debug|Any CPU.Build.0 = Debug|Any CPU
		{5C4B73D2-AE6E-41B4-A118-E673DB16C7CB}.Release|Any CPU.ActiveCfg = Release|Any CPU
		{5C4B73D2-AE6E-41B4-A118-E673DB16C7CB}.Release|Any CPU.Build.0 = Release|Any CPU
	EndGlobalSection
	GlobalSection(SolutionProperties) = preSolution
		HideSolutionNode = FALSE
	EndGlobalSection
	GlobalSection(ExtensibilityGlobals) = postSolution
		SolutionGuid = {BB5C1B29-F3B9-41E0-B833-1900B15D207D}
	EndGlobalSection
EndGlobal
